{
    "_readme": [
        "This file locks the dependencies of your project to a known state",
        "Read more about it at https://getcomposer.org/doc/01-basic-usage.md#composer-lock-the-lock-file",
        "This file is @generated automatically"
    ],
    "hash": "cf953e97eb99084d2c504829c456f2f4",
    "content-hash": "a5fbbe99c8bdf56b61a03574543da57e",
    "packages": [
        {
            "name": "panni/markdown-parser",
            "version": "1.0.0",
            "dist": {
                "type": "path",
                "url": "packages/markdown-parser",
                "reference": "cd1803862dd9156cd1a0d11dea92f6e70d2acf79",
                "shasum": null
            },
            "type": "library",
            "autoload": {
                "psr-4": {
                    "MarkdownParser\\": "src/"
                }
            },
            "authors": [
                {
                    "name": "Jan Wennrich",
                    "email": "jan@pcsg.de"
                }
            ]
        },
        {
            "name": "twbs/bootstrap",
            "version": "v3.3.0",
            "source": {
                "type": "git",
                "url": "https://github.com/twbs/bootstrap.git",
                "reference": "16dbdbd7a2c6cfa3be4e5dcc52249e577c02c84a"
            },
            "dist": {
                "type": "zip",
                "url": "https://api.github.com/repos/twbs/bootstrap/zipball/16dbdbd7a2c6cfa3be4e5dcc52249e577c02c84a",
                "reference": "16dbdbd7a2c6cfa3be4e5dcc52249e577c02c84a",
                "shasum": ""
            },
            "replace": {
                "twitter/bootstrap": "self.version"
            },
            "type": "library",
            "extra": {
                "branch-alias": {
                    "dev-master": "3.3.x-dev"
                }
            },
            "notification-url": "https://packagist.org/downloads/",
            "license": [
                "MIT"
            ],
            "authors": [
                {
                    "name": "Jacob Thornton",
                    "email": "jacobthornton@gmail.com"
                },
                {
                    "name": "Mark Otto",
                    "email": "markdotto@gmail.com"
                }
            ],
            "description": "The most popular front-end framework for developing responsive, mobile first projects on the web.",
            "homepage": "http://getbootstrap.com",
            "keywords": [
                "JS",
                "css",
                "framework",
                "front-end",
                "less",
                "mobile-first",
                "responsive",
                "web"
            ],
            "time": "2014-10-29 18:56:48"
        }
    ],
    "packages-dev": [],
    "aliases": [],
    "minimum-stability": "stable",
    "stability-flags": [],
    "prefer-stable": false,
    "prefer-lowest": false,
    "platform": [],
    "platform-dev": []
}
